
Microsoft Visual Studio Solution File, Format Version 12.00
# Visual Studio Version 17
VisualStudioVersion = 17.5.33530.505
MinimumVisualStudioVersion = 10.0.40219.1
Project("{9A19103F-16F7-4668-BE54-9A1E7A4F7556}") = "TaskManager.Shared", "TaskManager.Shared\TaskManager.Shared.csproj", "{EEE81AE2-22AD-4B57-8FB6-A5191C9B22C3}"
EndProject
Project("{9A19103F-16F7-4668-BE54-9A1E7A4F7556}") = "TaskManager.Backend", "TaskManager.Backend\TaskManager.Backend.csproj", "{B0B52ED0-4A56-4263-BBCD-7E0BC0BCFAE4}"
EndProject
Project("{9A19103F-16F7-4668-BE54-9A1E7A4F7556}") = "TaskManager.Frontend", "TaskManager.Frontend\TaskManager.Frontend.csproj", "{11957FA0-5DCF-4ADF-8DC0-DAA60639B537}"
EndProject
Global
	GlobalSection(SolutionConfigurationPlatforms) = preSolution
		Debug|Any CPU = Debug|Any CPU
		Release|Any CPU = Release|Any CPU
	EndGlobalSection
	GlobalSection(ProjectConfigurationPlatforms) = postSolution
		{EEE81AE2-22AD-4B57-8FB6-A5191C9B22C3}.Debug|Any CPU.ActiveCfg = Debug|Any CPU
		{EEE81AE2-22AD-4B57-8FB6-A5191C9B22C3}.Debug|Any CPU.Build.0 = Debug|Any CPU
		{EEE81AE2-22AD-4B57-8FB6-A5191C9B22C3}.Release|Any CPU.ActiveCfg = Release|Any CPU
		{EEE81AE2-22AD-4B57-8FB6-A5191C9B22C3}.Release|Any CPU.Build.0 = Release|Any CPU
		{B0B52ED0-4A56-4263-BBCD-7E0BC0BCFAE4}.Debug|Any CPU.ActiveCfg = Debug|Any CPU
		{B0B52ED0-4A56-4263-BBCD-7E0BC0BCFAE4}.Debug|Any CPU.Build.0 = Debug|Any CPU
		{B0B52ED0-4A56-4263-BBCD-7E0BC0BCFAE4}.Release|Any CPU.ActiveCfg = Release|Any CPU
		{B0B52ED0-4A56-4263-BBCD-7E0BC0BCFAE4}.Release|Any CPU.Build.0 = Release|Any CPU
		{11957FA0-5DCF-4ADF-8DC0-DAA60639B537}.Debug|Any CPU.ActiveCfg = Debug|Any CPU
		{11957FA0-5DCF-4ADF-8DC0-DAA60639B537}.Debug|Any CPU.Build.0 = Debug|Any CPU
		{11957FA0-5DCF-4ADF-8DC0-DAA60639B537}.Release|Any CPU.ActiveCfg = Release|Any CPU
		{11957FA0-5DCF-4ADF-8DC0-DAA60639B537}.Release|Any CPU.Build.0 = Release|Any CPU
	EndGlobalSection
	GlobalSection(SolutionProperties) = preSolution
		HideSolutionNode = FALSE
	EndGlobalSection
	GlobalSection(ExtensibilityGlobals) = postSolution
		SolutionGuid = {E7684DB5-FAD6-457C-87B2-76713D7EB071}
	EndGlobalSection
EndGlobal
